
Microsoft Visual Studio Solution File, Format Version 12.00
# Visual Studio Version 17
VisualStudioVersion = 17.8.34112.27
MinimumVisualStudioVersion = 10.0.40219.1
Project("{9A19103F-16F7-4668-BE54-9A1E7A4F7556}") = "FormulaOne.API", "FormulaOne.API\FormulaOne.API.csproj", "{A34E0826-9316-4F5A-B0D7-1638EE8F2B2E}"
EndProject
Project("{2150E333-8FDC-42A3-9474-1A3956D46DE8}") = "Solution Items", "Solution Items", "{AB45D24A-45AC-4944-AB0D-EDA8751EB9EA}"
	ProjectSection(SolutionItems) = preProject
		Readme.txt = Readme.txt
	EndProjectSection
EndProject
Project("{2150E333-8FDC-42A3-9474-1A3956D46DE8}") = "APIsTesting", "APIsTesting", "{FB83D64D-E4EF-48E5-B5C2-88CE6DDC642A}"
EndProject
Project("{9A19103F-16F7-4668-BE54-9A1E7A4F7556}") = "FormulaProduct.API", "APIsTesting\FormulaProduct.API\FormulaProduct.API.csproj", "{8AC2FA8E-C4F6-4D95-BD60-73FB0E2E9DAD}"
EndProject
Project("{9A19103F-16F7-4668-BE54-9A1E7A4F7556}") = "FormulaProduct.XunitTest", "APIsTesting\FormulaProduct.XunitTest\FormulaProduct.XunitTest.csproj", "{C52EE777-D8E1-41AC-AA51-77EE7D796361}"
EndProject
Project("{FAE04EC0-301F-11D3-BF4B-00C04F79EFBC}") = "VersioningAPIs", "VersioningAPIs\VersioningAPIs.csproj", "{C594FFF5-5DBF-4E0A-AE18-B9B6C1CA821E}"
EndProject
Global
	GlobalSection(SolutionConfigurationPlatforms) = preSolution
		Debug|Any CPU = Debug|Any CPU
		Release|Any CPU = Release|Any CPU
	EndGlobalSection
	GlobalSection(ProjectConfigurationPlatforms) = postSolution
		{A34E0826-9316-4F5A-B0D7-1638EE8F2B2E}.Debug|Any CPU.ActiveCfg = Debug|Any CPU
		{A34E0826-9316-4F5A-B0D7-1638EE8F2B2E}.Debug|Any CPU.Build.0 = Debug|Any CPU
		{A34E0826-9316-4F5A-B0D7-1638EE8F2B2E}.Release|Any CPU.ActiveCfg = Release|Any CPU
		{A34E0826-9316-4F5A-B0D7-1638EE8F2B2E}.Release|Any CPU.Build.0 = Release|Any CPU
		{8AC2FA8E-C4F6-4D95-BD60-73FB0E2E9DAD}.Debug|Any CPU.ActiveCfg = Debug|Any CPU
		{8AC2FA8E-C4F6-4D95-BD60-73FB0E2E9DAD}.Debug|Any CPU.Build.0 = Debug|Any CPU
		{8AC2FA8E-C4F6-4D95-BD60-73FB0E2E9DAD}.Release|Any CPU.ActiveCfg = Release|Any CPU
		{8AC2FA8E-C4F6-4D95-BD60-73FB0E2E9DAD}.Release|Any CPU.Build.0 = Release|Any CPU
		{C52EE777-D8E1-41AC-AA51-77EE7D796361}.Debug|Any CPU.ActiveCfg = Debug|Any CPU
		{C52EE777-D8E1-41AC-AA51-77EE7D796361}.Debug|Any CPU.Build.0 = Debug|Any CPU
		{C52EE777-D8E1-41AC-AA51-77EE7D796361}.Release|Any CPU.ActiveCfg = Release|Any CPU
		{C52EE777-D8E1-41AC-AA51-77EE7D796361}.Release|Any CPU.Build.0 = Release|Any CPU
		{C594FFF5-5DBF-4E0A-AE18-B9B6C1CA821E}.Debug|Any CPU.ActiveCfg = Debug|Any CPU
		{C594FFF5-5DBF-4E0A-AE18-B9B6C1CA821E}.Debug|Any CPU.Build.0 = Debug|Any CPU
		{C594FFF5-5DBF-4E0A-AE18-B9B6C1CA821E}.Release|Any CPU.ActiveCfg = Release|Any CPU
		{C594FFF5-5DBF-4E0A-AE18-B9B6C1CA821E}.Release|Any CPU.Build.0 = Release|Any CPU
	EndGlobalSection
	GlobalSection(SolutionProperties) = preSolution
		HideSolutionNode = FALSE
	EndGlobalSection
	GlobalSection(NestedProjects) = preSolution
		{8AC2FA8E-C4F6-4D95-BD60-73FB0E2E9DAD} = {FB83D64D-E4EF-48E5-B5C2-88CE6DDC642A}
		{C52EE777-D8E1-41AC-AA51-77EE7D796361} = {FB83D64D-E4EF-48E5-B5C2-88CE6DDC642A}
	EndGlobalSection
	GlobalSection(ExtensibilityGlobals) = postSolution
		SolutionGuid = {091E3548-5E1D-49A6-951C-F4F07703A783}
	EndGlobalSection
EndGlobal
