
Microsoft Visual Studio Solution File, Format Version 12.00
# Visual Studio Version 17
VisualStudioVersion = 17.8.34112.27
MinimumVisualStudioVersion = 10.0.40219.1
Project("{FAE04EC0-301F-11D3-BF4B-00C04F79EFBC}") = "FormulaOne.API", "FormulaOne.API\FormulaOne.API.csproj", "{A34E0826-9316-4F5A-B0D7-1638EE8F2B2E}"
EndProject
Global
	GlobalSection(SolutionConfigurationPlatforms) = preSolution
		Debug|Any CPU = Debug|Any CPU
		Release|Any CPU = Release|Any CPU
	EndGlobalSection
	GlobalSection(ProjectConfigurationPlatforms) = postSolution
		{A34E0826-9316-4F5A-B0D7-1638EE8F2B2E}.Debug|Any CPU.ActiveCfg = Debug|Any CPU
		{A34E0826-9316-4F5A-B0D7-1638EE8F2B2E}.Debug|Any CPU.Build.0 = Debug|Any CPU
		{A34E0826-9316-4F5A-B0D7-1638EE8F2B2E}.Release|Any CPU.ActiveCfg = Release|Any CPU
		{A34E0826-9316-4F5A-B0D7-1638EE8F2B2E}.Release|Any CPU.Build.0 = Release|Any CPU
	EndGlobalSection
	GlobalSection(SolutionProperties) = preSolution
		HideSolutionNode = FALSE
	EndGlobalSection
	GlobalSection(ExtensibilityGlobals) = postSolution
		SolutionGuid = {091E3548-5E1D-49A6-951C-F4F07703A783}
	EndGlobalSection
EndGlobal
